
Microsoft Visual Studio Solution File, Format Version 12.00
# Visual Studio 14
VisualStudioVersion = 14.0.25420.1
MinimumVisualStudioVersion = 10.0.40219.1
Project("{FAE04EC0-301F-11D3-BF4B-00C04F79EFBC}") = "OddOrEven", "OddOrEven\OddOrEven.csproj", "{68C95E7A-CCDA-4B5E-A060-6D6729CB082F}"
EndProject
Project("{FAE04EC0-301F-11D3-BF4B-00C04F79EFBC}") = "MoonGravity", "MoonGravity\MoonGravity.csproj", "{F9328F4D-FBDB-4FC0-B5EB-E6A9D5D99332}"
EndProject
Project("{FAE04EC0-301F-11D3-BF4B-00C04F79EFBC}") = "DivideBy7And5", "DivideBy7And5\DivideBy7And5.csproj", "{54187E81-3898-4AB6-BB31-8E08573E53A0}"
EndProject
Project("{FAE04EC0-301F-11D3-BF4B-00C04F79EFBC}") = "Rectangles", "Rectangles\Rectangles.csproj", "{37E111A6-8FB4-42C0-8909-E0DD25645954}"
EndProject
Project("{FAE04EC0-301F-11D3-BF4B-00C04F79EFBC}") = "ThirdDigit", "ThirdDigit\ThirdDigit.csproj", "{633A7F80-73D0-49C4-BB17-DE143F09DF50}"
EndProject
Project("{FAE04EC0-301F-11D3-BF4B-00C04F79EFBC}") = "FourDigits", "FourDigits\FourDigits.csproj", "{FB95B56D-623E-47BD-B32F-8CCA4C4DC54F}"
EndProject
Project("{FAE04EC0-301F-11D3-BF4B-00C04F79EFBC}") = "PrimeNumbers", "PrimeNumbers2\PrimeNumbers.csproj", "{B5A6945C-02DD-444C-BC73-8D7C66CFCB1B}"
EndProject
Project("{FAE04EC0-301F-11D3-BF4B-00C04F79EFBC}") = "Trapezoids", "Trapezoids\Trapezoids.csproj", "{B349962A-33F8-4BB0-81EE-B85C140DC7ED}"
EndProject
Project("{FAE04EC0-301F-11D3-BF4B-00C04F79EFBC}") = "3rdBit", "3rdBit\3rdBit.csproj", "{9EC437CF-2923-49D4-A980-C1065CCF5C19}"
EndProject
Global
	GlobalSection(SolutionConfigurationPlatforms) = preSolution
		Debug|Any CPU = Debug|Any CPU
		Release|Any CPU = Release|Any CPU
	EndGlobalSection
	GlobalSection(ProjectConfigurationPlatforms) = postSolution
		{68C95E7A-CCDA-4B5E-A060-6D6729CB082F}.Debug|Any CPU.ActiveCfg = Debug|Any CPU
		{68C95E7A-CCDA-4B5E-A060-6D6729CB082F}.Debug|Any CPU.Build.0 = Debug|Any CPU
		{68C95E7A-CCDA-4B5E-A060-6D6729CB082F}.Release|Any CPU.ActiveCfg = Release|Any CPU
		{68C95E7A-CCDA-4B5E-A060-6D6729CB082F}.Release|Any CPU.Build.0 = Release|Any CPU
		{F9328F4D-FBDB-4FC0-B5EB-E6A9D5D99332}.Debug|Any CPU.ActiveCfg = Debug|Any CPU
		{F9328F4D-FBDB-4FC0-B5EB-E6A9D5D99332}.Debug|Any CPU.Build.0 = Debug|Any CPU
		{F9328F4D-FBDB-4FC0-B5EB-E6A9D5D99332}.Release|Any CPU.ActiveCfg = Release|Any CPU
		{F9328F4D-FBDB-4FC0-B5EB-E6A9D5D99332}.Release|Any CPU.Build.0 = Release|Any CPU
		{54187E81-3898-4AB6-BB31-8E08573E53A0}.Debug|Any CPU.ActiveCfg = Debug|Any CPU
		{54187E81-3898-4AB6-BB31-8E08573E53A0}.Debug|Any CPU.Build.0 = Debug|Any CPU
		{54187E81-3898-4AB6-BB31-8E08573E53A0}.Release|Any CPU.ActiveCfg = Release|Any CPU
		{54187E81-3898-4AB6-BB31-8E08573E53A0}.Release|Any CPU.Build.0 = Release|Any CPU
		{37E111A6-8FB4-42C0-8909-E0DD25645954}.Debug|Any CPU.ActiveCfg = Debug|Any CPU
		{37E111A6-8FB4-42C0-8909-E0DD25645954}.Debug|Any CPU.Build.0 = Debug|Any CPU
		{37E111A6-8FB4-42C0-8909-E0DD25645954}.Release|Any CPU.ActiveCfg = Release|Any CPU
		{37E111A6-8FB4-42C0-8909-E0DD25645954}.Release|Any CPU.Build.0 = Release|Any CPU
		{633A7F80-73D0-49C4-BB17-DE143F09DF50}.Debug|Any CPU.ActiveCfg = Debug|Any CPU
		{633A7F80-73D0-49C4-BB17-DE143F09DF50}.Debug|Any CPU.Build.0 = Debug|Any CPU
		{633A7F80-73D0-49C4-BB17-DE143F09DF50}.Release|Any CPU.ActiveCfg = Release|Any CPU
		{633A7F80-73D0-49C4-BB17-DE143F09DF50}.Release|Any CPU.Build.0 = Release|Any CPU
		{FB95B56D-623E-47BD-B32F-8CCA4C4DC54F}.Debug|Any CPU.ActiveCfg = Debug|Any CPU
		{FB95B56D-623E-47BD-B32F-8CCA4C4DC54F}.Debug|Any CPU.Build.0 = Debug|Any CPU
		{FB95B56D-623E-47BD-B32F-8CCA4C4DC54F}.Release|Any CPU.ActiveCfg = Release|Any CPU
		{FB95B56D-623E-47BD-B32F-8CCA4C4DC54F}.Release|Any CPU.Build.0 = Release|Any CPU
		{B5A6945C-02DD-444C-BC73-8D7C66CFCB1B}.Debug|Any CPU.ActiveCfg = Debug|Any CPU
		{B5A6945C-02DD-444C-BC73-8D7C66CFCB1B}.Debug|Any CPU.Build.0 = Debug|Any CPU
		{B5A6945C-02DD-444C-BC73-8D7C66CFCB1B}.Release|Any CPU.ActiveCfg = Release|Any CPU
		{B5A6945C-02DD-444C-BC73-8D7C66CFCB1B}.Release|Any CPU.Build.0 = Release|Any CPU
		{B349962A-33F8-4BB0-81EE-B85C140DC7ED}.Debug|Any CPU.ActiveCfg = Debug|Any CPU
		{B349962A-33F8-4BB0-81EE-B85C140DC7ED}.Debug|Any CPU.Build.0 = Debug|Any CPU
		{B349962A-33F8-4BB0-81EE-B85C140DC7ED}.Release|Any CPU.ActiveCfg = Release|Any CPU
		{B349962A-33F8-4BB0-81EE-B85C140DC7ED}.Release|Any CPU.Build.0 = Release|Any CPU
		{9EC437CF-2923-49D4-A980-C1065CCF5C19}.Debug|Any CPU.ActiveCfg = Debug|Any CPU
		{9EC437CF-2923-49D4-A980-C1065CCF5C19}.Debug|Any CPU.Build.0 = Debug|Any CPU
		{9EC437CF-2923-49D4-A980-C1065CCF5C19}.Release|Any CPU.ActiveCfg = Release|Any CPU
		{9EC437CF-2923-49D4-A980-C1065CCF5C19}.Release|Any CPU.Build.0 = Release|Any CPU
	EndGlobalSection
	GlobalSection(SolutionProperties) = preSolution
		HideSolutionNode = FALSE
	EndGlobalSection
EndGlobal
